
Microsoft Visual Studio Solution File, Format Version 12.00
# Visual Studio 15
VisualStudioVersion = 15.0.28307.1500
MinimumVisualStudioVersion = 10.0.40219.1
Project("{FAE04EC0-301F-11D3-BF4B-00C04F79EFBC}") = "StockManagement", "StockManagement\StockManagement.csproj", "{838DCDA4-92A6-4B7C-B3A3-6372F16575F6}"
EndProject
Global
	GlobalSection(SolutionConfigurationPlatforms) = preSolution
		Debug|Any CPU = Debug|Any CPU
		Release|Any CPU = Release|Any CPU
	EndGlobalSection
	GlobalSection(ProjectConfigurationPlatforms) = postSolution
		{838DCDA4-92A6-4B7C-B3A3-6372F16575F6}.Debug|Any CPU.ActiveCfg = Debug|Any CPU
		{838DCDA4-92A6-4B7C-B3A3-6372F16575F6}.Debug|Any CPU.Build.0 = Debug|Any CPU
		{838DCDA4-92A6-4B7C-B3A3-6372F16575F6}.Release|Any CPU.ActiveCfg = Release|Any CPU
		{838DCDA4-92A6-4B7C-B3A3-6372F16575F6}.Release|Any CPU.Build.0 = Release|Any CPU
	EndGlobalSection
	GlobalSection(SolutionProperties) = preSolution
		HideSolutionNode = FALSE
	EndGlobalSection
	GlobalSection(ExtensibilityGlobals) = postSolution
		SolutionGuid = {D76D066B-7D8E-43A5-B8E5-A7A654BA0E1D}
	EndGlobalSection
EndGlobal
